
Microsoft Visual Studio Solution File, Format Version 12.00
# Visual Studio Version 16
VisualStudioVersion = 16.0.29509.3
MinimumVisualStudioVersion = 10.0.40219.1
Project("{9A19103F-16F7-4668-BE54-9A1E7A4F7556}") = "DL.Core.ns", "DL.Core.ns\DL.Core.ns.csproj", "{7D7396F3-8D50-4C41-BA8A-85763370E644}"
EndProject
Project("{FAE04EC0-301F-11D3-BF4B-00C04F79EFBC}") = "徐贵林专用测试控制台", "徐贵林专用测试控制台\徐贵林专用测试控制台.csproj", "{096CA445-3D7F-42BB-ABF8-06895A839450}"
EndProject
Project("{FAE04EC0-301F-11D3-BF4B-00C04F79EFBC}") = "虞梓琛专用控制台", "虞梓琛专用控制台\虞梓琛专用控制台.csproj", "{37C3DB3F-57AE-45C4-A0C9-59D4D7C16E70}"
EndProject
Global
	GlobalSection(SolutionConfigurationPlatforms) = preSolution
		Debug|Any CPU = Debug|Any CPU
		Release|Any CPU = Release|Any CPU
	EndGlobalSection
	GlobalSection(ProjectConfigurationPlatforms) = postSolution
		{7D7396F3-8D50-4C41-BA8A-85763370E644}.Debug|Any CPU.ActiveCfg = Debug|Any CPU
		{7D7396F3-8D50-4C41-BA8A-85763370E644}.Debug|Any CPU.Build.0 = Debug|Any CPU
		{7D7396F3-8D50-4C41-BA8A-85763370E644}.Release|Any CPU.ActiveCfg = Release|Any CPU
		{7D7396F3-8D50-4C41-BA8A-85763370E644}.Release|Any CPU.Build.0 = Release|Any CPU
		{096CA445-3D7F-42BB-ABF8-06895A839450}.Debug|Any CPU.ActiveCfg = Debug|Any CPU
		{096CA445-3D7F-42BB-ABF8-06895A839450}.Debug|Any CPU.Build.0 = Debug|Any CPU
		{096CA445-3D7F-42BB-ABF8-06895A839450}.Release|Any CPU.ActiveCfg = Release|Any CPU
		{096CA445-3D7F-42BB-ABF8-06895A839450}.Release|Any CPU.Build.0 = Release|Any CPU
		{37C3DB3F-57AE-45C4-A0C9-59D4D7C16E70}.Debug|Any CPU.ActiveCfg = Debug|Any CPU
		{37C3DB3F-57AE-45C4-A0C9-59D4D7C16E70}.Debug|Any CPU.Build.0 = Debug|Any CPU
		{37C3DB3F-57AE-45C4-A0C9-59D4D7C16E70}.Release|Any CPU.ActiveCfg = Release|Any CPU
		{37C3DB3F-57AE-45C4-A0C9-59D4D7C16E70}.Release|Any CPU.Build.0 = Release|Any CPU
	EndGlobalSection
	GlobalSection(SolutionProperties) = preSolution
		HideSolutionNode = FALSE
	EndGlobalSection
	GlobalSection(ExtensibilityGlobals) = postSolution
		SolutionGuid = {A8433077-C084-409A-AD9D-FDAC99B5A166}
	EndGlobalSection
EndGlobal
